# THIS IS AN AUTOGENERATED FILE. DO NOT EDIT THIS FILE DIRECTLY.
# yarn lockfile v1


"@fullcalendar/common@~5.11.0":
  version "5.11.0"
  resolved "https://registry.yarnpkg.com/@fullcalendar/common/-/common-5.11.0.tgz#d7e47b4272ba6824f95581fb7fb630c5880f4212"
  integrity sha512-gWjbMAnN1u73Oqlgjbyky7i+3bY0hvFSnGT0YBPx44n874AkQa9e9OU12PMLTMOPy0tXPb8DEwRelFQ7CJNbcw==
  dependencies:
    tslib "^2.1.0"

"@fullcalendar/premium-common@~5.11.0":
  version "5.11.0"
  resolved "https://registry.yarnpkg.com/@fullcalendar/premium-common/-/premium-common-5.11.0.tgz#984ad16dba011c656ebc9ecb358bf6f2733c5e88"
  integrity sha512-XVLJwJQ26EhuglBM1flmrKtNt0BEUBHoazko/wvMiz5Yz17eABKQreFTidipOwjL3s74ifQzDoYpkQVn8TzpZQ==
  dependencies:
    "@fullcalendar/common" "~5.11.0"
    tslib "^2.1.0"

"@fullcalendar/resource-common@^5.11.0", "@fullcalendar/resource-common@~5.11.0":
  version "5.11.0"
  resolved "https://registry.yarnpkg.com/@fullcalendar/resource-common/-/resource-common-5.11.0.tgz#fdf92c3629282504c3ce766fbca423ee6fd7f1ea"
  integrity sha512-zO6UK9IKo7O8Uj5Y1t9sLMsLyNmxAliriAlz/NNhk//O/yGmQZ5MQOgVDg2qCZpDOWgQeuSZOkTTJdud5ISe2Q==
  dependencies:
    "@fullcalendar/common" "~5.11.0"
    "@fullcalendar/premium-common" "~5.11.0"
    tslib "^2.1.0"

"@fullcalendar/resource-timeline@^5.11.0":
  version "5.11.0"
  resolved "https://registry.yarnpkg.com/@fullcalendar/resource-timeline/-/resource-timeline-5.11.0.tgz#9ca13058fc4ca32f2b7dee9e4fbea93ee6140243"
  integrity sha512-+40sKEQj/ig6oh+8/FZPaFYtqI4e9wa/2XT2MTtzwDr3modHU0mQChlpcY8WQ+c6kyPjVwhO89BFiv2OeilLWw==
  dependencies:
    "@fullcalendar/common" "~5.11.0"
    "@fullcalendar/premium-common" "~5.11.0"
    "@fullcalendar/resource-common" "~5.11.0"
    "@fullcalendar/scrollgrid" "~5.11.0"
    "@fullcalendar/timeline" "~5.11.0"
    tslib "^2.1.0"

"@fullcalendar/scrollgrid@~5.11.0":
  version "5.11.0"
  resolved "https://registry.yarnpkg.com/@fullcalendar/scrollgrid/-/scrollgrid-5.11.0.tgz#b5ad9ee4e6fe97d5f7056a727da46aa4f76b5519"
  integrity sha512-OPwLGLr0YF2qQYa9K1vPIGsodfAqPnugcwKLwnkiLprC2UybnPaIXvY6xMAHyVWSiBaeJSmkQ0J8mZDmfKjdTw==
  dependencies:
    "@fullcalendar/common" "~5.11.0"
    "@fullcalendar/premium-common" "~5.11.0"
    tslib "^2.1.0"

"@fullcalendar/timeline@~5.11.0":
  version "5.11.0"
  resolved "https://registry.yarnpkg.com/@fullcalendar/timeline/-/timeline-5.11.0.tgz#55a72390cf9d2b2ddf91be48b841257ab0970473"
  integrity sha512-2mASvwsXMR42Vlvwjnb5w0OvMDf8z2WCZXpLCd11lP/b+ZYOosCrJZZQWpzNfWYf7Y4Sqjo7q+YMPxnJqlichg==
  dependencies:
    "@fullcalendar/common" "~5.11.0"
    "@fullcalendar/premium-common" "~5.11.0"
    "@fullcalendar/scrollgrid" "~5.11.0"
    tslib "^2.1.0"

tslib@^2.1.0:
  version "2.4.0"
  resolved "https://registry.yarnpkg.com/tslib/-/tslib-2.4.0.tgz#7cecaa7f073ce680a05847aa77be941098f36dc3"
  integrity sha512-d6xOpEDfsi2CZVlPQzGeux8XMwLT9hssAsaPYExaQMuYskwb+x1x7J371tWlbBdWHroy99KnVB6qIkUbs5X3UQ==
