# THIS IS AN AUTOGENERATED FILE. DO NOT EDIT THIS FILE DIRECTLY.
# yarn lockfile v1


"@fullcalendar/adaptive@^5.11.0":
  version "5.11.0"
  resolved "https://registry.yarnpkg.com/@fullcalendar/adaptive/-/adaptive-5.11.0.tgz#e789c47c81894c96a40bb383b4f4c443fa89964b"
  integrity sha512-BXR0v0aDF7o128DhNDqwCUe8oyq4b5tXtwr9Nz/FEvEseQltjEqhYRy8TDnK/8cp3x2nPc7oj4Zsufdy/R+LVw==
  dependencies:
    "@fullcalendar/common" "~5.11.0"
    "@fullcalendar/premium-common" "~5.11.0"
    tslib "^2.1.0"

"@fullcalendar/common@~5.11.0":
  version "5.11.0"
  resolved "https://registry.yarnpkg.com/@fullcalendar/common/-/common-5.11.0.tgz#d7e47b4272ba6824f95581fb7fb630c5880f4212"
  integrity sha512-gWjbMAnN1u73Oqlgjbyky7i+3bY0hvFSnGT0YBPx44n874AkQa9e9OU12PMLTMOPy0tXPb8DEwRelFQ7CJNbcw==
  dependencies:
    tslib "^2.1.0"

"@fullcalendar/core@^5.11.0":
  version "5.11.0"
  resolved "https://registry.yarnpkg.com/@fullcalendar/core/-/core-5.11.0.tgz#336fcfb9799cf0c2d1ee15c110dce26a9e14881c"
  integrity sha512-cF/d9LuJb/6xw14ms0urv1H4BiA70c4jrufe/EuVzLR6qTDpK92IZ3JK7GVtZtzptfTYZ/NQgDV9YCzIaO9Blw==
  dependencies:
    "@fullcalendar/common" "~5.11.0"
    preact "^10.0.5"
    tslib "^2.1.0"

"@fullcalendar/interaction@^5.11.0":
  version "5.11.0"
  resolved "https://registry.yarnpkg.com/@fullcalendar/interaction/-/interaction-5.11.0.tgz#9cfb46cc5f75690394ef553d2c5cf4955782ff05"
  integrity sha512-9XTI5+ydqrSX+IL3iWgKBURXfnPewn57Tmsv9mJZhiqrUEF7/+qtftLoKEAc8ZdWk/+01aBe67PFL16uPXj2Jg==
  dependencies:
    "@fullcalendar/common" "~5.11.0"
    tslib "^2.1.0"

"@fullcalendar/premium-common@~5.11.0":
  version "5.11.0"
  resolved "https://registry.yarnpkg.com/@fullcalendar/premium-common/-/premium-common-5.11.0.tgz#984ad16dba011c656ebc9ecb358bf6f2733c5e88"
  integrity sha512-XVLJwJQ26EhuglBM1flmrKtNt0BEUBHoazko/wvMiz5Yz17eABKQreFTidipOwjL3s74ifQzDoYpkQVn8TzpZQ==
  dependencies:
    "@fullcalendar/common" "~5.11.0"
    tslib "^2.1.0"

"@fullcalendar/resource-common@^5.11.0", "@fullcalendar/resource-common@~5.11.0":
  version "5.11.0"
  resolved "https://registry.yarnpkg.com/@fullcalendar/resource-common/-/resource-common-5.11.0.tgz#fdf92c3629282504c3ce766fbca423ee6fd7f1ea"
  integrity sha512-zO6UK9IKo7O8Uj5Y1t9sLMsLyNmxAliriAlz/NNhk//O/yGmQZ5MQOgVDg2qCZpDOWgQeuSZOkTTJdud5ISe2Q==
  dependencies:
    "@fullcalendar/common" "~5.11.0"
    "@fullcalendar/premium-common" "~5.11.0"
    tslib "^2.1.0"

"@fullcalendar/resource-timeline@^5.11.0":
  version "5.11.0"
  resolved "https://registry.yarnpkg.com/@fullcalendar/resource-timeline/-/resource-timeline-5.11.0.tgz#9ca13058fc4ca32f2b7dee9e4fbea93ee6140243"
  integrity sha512-+40sKEQj/ig6oh+8/FZPaFYtqI4e9wa/2XT2MTtzwDr3modHU0mQChlpcY8WQ+c6kyPjVwhO89BFiv2OeilLWw==
  dependencies:
    "@fullcalendar/common" "~5.11.0"
    "@fullcalendar/premium-common" "~5.11.0"
    "@fullcalendar/resource-common" "~5.11.0"
    "@fullcalendar/scrollgrid" "~5.11.0"
    "@fullcalendar/timeline" "~5.11.0"
    tslib "^2.1.0"

"@fullcalendar/scrollgrid@~5.11.0":
  version "5.11.0"
  resolved "https://registry.yarnpkg.com/@fullcalendar/scrollgrid/-/scrollgrid-5.11.0.tgz#b5ad9ee4e6fe97d5f7056a727da46aa4f76b5519"
  integrity sha512-OPwLGLr0YF2qQYa9K1vPIGsodfAqPnugcwKLwnkiLprC2UybnPaIXvY6xMAHyVWSiBaeJSmkQ0J8mZDmfKjdTw==
  dependencies:
    "@fullcalendar/common" "~5.11.0"
    "@fullcalendar/premium-common" "~5.11.0"
    tslib "^2.1.0"

"@fullcalendar/timeline@~5.11.0":
  version "5.11.0"
  resolved "https://registry.yarnpkg.com/@fullcalendar/timeline/-/timeline-5.11.0.tgz#55a72390cf9d2b2ddf91be48b841257ab0970473"
  integrity sha512-2mASvwsXMR42Vlvwjnb5w0OvMDf8z2WCZXpLCd11lP/b+ZYOosCrJZZQWpzNfWYf7Y4Sqjo7q+YMPxnJqlichg==
  dependencies:
    "@fullcalendar/common" "~5.11.0"
    "@fullcalendar/premium-common" "~5.11.0"
    "@fullcalendar/scrollgrid" "~5.11.0"
    tslib "^2.1.0"

preact@^10.0.5:
  version "10.10.0"
  resolved "https://registry.yarnpkg.com/preact/-/preact-10.10.0.tgz#7434750a24b59dae1957d95dc0aa47a4a8e9a180"
  integrity sha512-fszkg1iJJjq68I4lI8ZsmBiaoQiQHbxf1lNq+72EmC/mZOsFF5zn3k1yv9QGoFgIXzgsdSKtYymLJsrJPoamjQ==

tslib@^2.1.0:
  version "2.4.0"
  resolved "https://registry.yarnpkg.com/tslib/-/tslib-2.4.0.tgz#7cecaa7f073ce680a05847aa77be941098f36dc3"
  integrity sha512-d6xOpEDfsi2CZVlPQzGeux8XMwLT9hssAsaPYExaQMuYskwb+x1x7J371tWlbBdWHroy99KnVB6qIkUbs5X3UQ==
